github.com/s0rg/array2d v1.0.0 h1:RqlhvPCq035CCEUDsm5nv/6NH6J0vRuU48gNG+6za2Q=
github.com/s0rg/array2d v1.0.0/go.mod h1:WY9vy75JDWyNnE2Qo3Gn8lMqiJYlgWCvK1Zauv7QiuU=
github.com/s0rg/set v1.0.0 h1:/MAmKEQ3Ltodli7/+e8iSTKNwhzmvxkmSDZO8BMTFbE=
github.com/s0rg/set v1.0.0/go.mod h1:n2TtovR+7TrBIztw+6muV9ZLRuDIimsd8YyTN+QBmHQ=
github.com/s0rg/vec2d v1.1.0 h1:2En34hYZFgNJwkRdzNt9ZCDVqlhCzRvsGRuNlPulFJw=
github.com/s0rg/vec2d v1.1.0/go.mod h1:/0pgb+2ax3mWfBZ1gb9LMMFawvmGyWpgCjk8a/ImCgg=
golang.org/x/exp v0.0.0-20230725093048-515e97ebf090 h1:Di6/M8l0O2lCLc6VVRWhgCiApHV8MnQurBnFSHsQtNY=
golang.org/x/exp v0.0.0-20230725093048-515e97ebf090/go.mod h1:FXUEEKJgO7OQYeo8N01OfiKP8RXMtf6e8aTskBGqWdc=
